
Microsoft Visual Studio Solution File, Format Version 12.00
# Visual Studio Version 16
VisualStudioVersion = 16.0.31313.79
MinimumVisualStudioVersion = 10.0.40219.1
Project("{8BC9CEB8-8B4A-11D0-8D11-00A0C91BC942}") = "Task_1a", "Task_1a\Task_1a.vcxproj", "{BCD8A902-7DA9-4833-9D95-DDC528B453A5}"
EndProject
Project("{FAE04EC0-301F-11D3-BF4B-00C04F79EFBC}") = "Task_1b", "Task_1b\Task_1b.csproj", "{55282B29-59A7-4F89-8BC5-50DEF20A6804}"
EndProject
Global
	GlobalSection(SolutionConfigurationPlatforms) = preSolution
		Debug|Any CPU = Debug|Any CPU
		Debug|x64 = Debug|x64
		Debug|x86 = Debug|x86
		Release|Any CPU = Release|Any CPU
		Release|x64 = Release|x64
		Release|x86 = Release|x86
	EndGlobalSection
	GlobalSection(ProjectConfigurationPlatforms) = postSolution
		{BCD8A902-7DA9-4833-9D95-DDC528B453A5}.Debug|Any CPU.ActiveCfg = Debug|Win32
		{BCD8A902-7DA9-4833-9D95-DDC528B453A5}.Debug|x64.ActiveCfg = Debug|x64
		{BCD8A902-7DA9-4833-9D95-DDC528B453A5}.Debug|x64.Build.0 = Debug|x64
		{BCD8A902-7DA9-4833-9D95-DDC528B453A5}.Debug|x86.ActiveCfg = Debug|Win32
		{BCD8A902-7DA9-4833-9D95-DDC528B453A5}.Debug|x86.Build.0 = Debug|Win32
		{BCD8A902-7DA9-4833-9D95-DDC528B453A5}.Release|Any CPU.ActiveCfg = Release|Win32
		{BCD8A902-7DA9-4833-9D95-DDC528B453A5}.Release|x64.ActiveCfg = Release|x64
		{BCD8A902-7DA9-4833-9D95-DDC528B453A5}.Release|x64.Build.0 = Release|x64
		{BCD8A902-7DA9-4833-9D95-DDC528B453A5}.Release|x86.ActiveCfg = Release|Win32
		{BCD8A902-7DA9-4833-9D95-DDC528B453A5}.Release|x86.Build.0 = Release|Win32
		{55282B29-59A7-4F89-8BC5-50DEF20A6804}.Debug|Any CPU.ActiveCfg = Debug|Any CPU
		{55282B29-59A7-4F89-8BC5-50DEF20A6804}.Debug|Any CPU.Build.0 = Debug|Any CPU
		{55282B29-59A7-4F89-8BC5-50DEF20A6804}.Debug|x64.ActiveCfg = Debug|Any CPU
		{55282B29-59A7-4F89-8BC5-50DEF20A6804}.Debug|x64.Build.0 = Debug|Any CPU
		{55282B29-59A7-4F89-8BC5-50DEF20A6804}.Debug|x86.ActiveCfg = Debug|Any CPU
		{55282B29-59A7-4F89-8BC5-50DEF20A6804}.Debug|x86.Build.0 = Debug|Any CPU
		{55282B29-59A7-4F89-8BC5-50DEF20A6804}.Release|Any CPU.ActiveCfg = Release|Any CPU
		{55282B29-59A7-4F89-8BC5-50DEF20A6804}.Release|Any CPU.Build.0 = Release|Any CPU
		{55282B29-59A7-4F89-8BC5-50DEF20A6804}.Release|x64.ActiveCfg = Release|Any CPU
		{55282B29-59A7-4F89-8BC5-50DEF20A6804}.Release|x64.Build.0 = Release|Any CPU
		{55282B29-59A7-4F89-8BC5-50DEF20A6804}.Release|x86.ActiveCfg = Release|Any CPU
		{55282B29-59A7-4F89-8BC5-50DEF20A6804}.Release|x86.Build.0 = Release|Any CPU
	EndGlobalSection
	GlobalSection(SolutionProperties) = preSolution
		HideSolutionNode = FALSE
	EndGlobalSection
	GlobalSection(ExtensibilityGlobals) = postSolution
		SolutionGuid = {C74713F6-DD99-4B23-AD61-0C9F4A902225}
	EndGlobalSection
EndGlobal
